// !$*UTF8*$!
{
	archiveVersion = 1;
	classes = {
	};
	objectVersion = 46;
	objects = {

/* Begin PBXBuildFile section */
		9602E0BC1B260C7A0037C177 /* AppDelegate.swift in Sources */ = {isa = PBXBuildFile; fileRef = 9602E0BB1B260C7A0037C177 /* AppDelegate.swift */; };
		9602E0BE1B260C7A0037C177 /* ViewController.swift in Sources */ = {isa = PBXBuildFile; fileRef = 9602E0BD1B260C7A0037C177 /* ViewController.swift */; };
		9602E0C11B260C7A0037C177 /* Main.storyboard in Resources */ = {isa = PBXBuildFile; fileRef = 9602E0BF1B260C7A0037C177 /* Main.storyboard */; };
		9602E0C31B260C7A0037C177 /* Images.xcassets in Resources */ = {isa = PBXBuildFile; fileRef = 9602E0C21B260C7A0037C177 /* Images.xcassets */; };
		9602E0C61B260C7A0037C177 /* LaunchScreen.xib in Resources */ = {isa = PBXBuildFile; fileRef = 9602E0C41B260C7A0037C177 /* LaunchScreen.xib */; };
		9602E0D21B260C7A0037C177 /* GreenfieldTests.swift in Sources */ = {isa = PBXBuildFile; fileRef = 9602E0D11B260C7A0037C177 /* GreenfieldTests.swift */; };
/* End PBXBuildFile section */

/* Begin PBXContainerItemProxy section */
		9602E0CC1B260C7A0037C177 /* PBXContainerItemProxy */ = {
			isa = PBXContainerItemProxy;
			containerPortal = 9602E0AE1B260C7A0037C177 /* Project object */;
			proxyType = 1;
			remoteGlobalIDString = 9602E0B51B260C7A0037C177;
			remoteInfo = Greenfield;
		};
/* End PBXContainerItemProxy section */

/* Begin PBXFileReference section */
		9602E0B61B260C7A0037C177 /* Greenfield.app */ = {isa = PBXFileReference; explicitFileType = wrapper.application; includeInIndex = 0; path = Greenfield.app; sourceTree = BUILT_PRODUCTS_DIR; };
		9602E0BA1B260C7A0037C177 /* Info.plist */ = {isa = PBXFileReference; lastKnownFileType = text.plist.xml; path = Info.plist; sourceTree = "<group>"; };
		9602E0BB1B260C7A0037C177 /* AppDelegate.swift */ = {isa = PBXFileReference; lastKnownFileType = sourcecode.swift; path = AppDelegate.swift; sourceTree = "<group>"; };
		9602E0BD1B260C7A0037C177 /* ViewController.swift */ = {isa = PBXFileReference; lastKnownFileType = sourcecode.swift; path = ViewController.swift; sourceTree = "<group>"; };
		9602E0C01B260C7A0037C177 /* Base */ = {isa = PBXFileReference; lastKnownFileType = file.storyboard; name = Base; path = Base.lproj/Main.storyboard; sourceTree = "<group>"; };
		9602E0C21B260C7A0037C177 /* Images.xcassets */ = {isa = PBXFileReference; lastKnownFileType = folder.assetcatalog; path = Images.xcassets; sourceTree = "<group>"; };
		9602E0C51B260C7A0037C177 /* Base */ = {isa = PBXFileReference; lastKnownFileType = file.xib; name = Base; path = Base.lproj/LaunchScreen.xib; sourceTree = "<group>"; };
		9602E0CB1B260C7A0037C177 /* GreenfieldTests.xctest */ = {isa = PBXFileReference; explicitFileType = wrapper.cfbundle; includeInIndex = 0; path = GreenfieldTests.xctest; sourceTree = BUILT_PRODUCTS_DIR; };
		9602E0D01B260C7A0037C177 /* Info.plist */ = {isa = PBXFileReference; lastKnownFileType = text.plist.xml; path = Info.plist; sourceTree = "<group>"; };
		9602E0D11B260C7A0037C177 /* GreenfieldTests.swift */ = {isa = PBXFileReference; lastKnownFileType = sourcecode.swift; path = GreenfieldTests.swift; sourceTree = "<group>"; };
/* End PBXFileReference section */

/* Begin PBXFrameworksBuildPhase section */
		9602E0B31B260C7A0037C177 /* Frameworks */ = {
			isa = PBXFrameworksBuildPhase;
			buildActionMask = 2147483647;
			files = (
			);
			runOnlyForDeploymentPostprocessing = 0;
		};
		9602E0C81B260C7A0037C177 /* Frameworks */ = {
			isa = PBXFrameworksBuildPhase;
			buildActionMask = 2147483647;
			files = (
			);
			runOnlyForDeploymentPostprocessing = 0;
		};
/* End PBXFrameworksBuildPhase section */

/* Begin PBXGroup section */
		9602E0AD1B260C7A0037C177 = {
			isa = PBXGroup;
			children = (
				9602E0B81B260C7A0037C177 /* Greenfield */,
				9602E0CE1B260C7A0037C177 /* GreenfieldTests */,
				9602E0B71B260C7A0037C177 /* Products */,
			);
			sourceTree = "<group>";
		};
		9602E0B71B260C7A0037C177 /* Products */ = {
			isa = PBXGroup;
			children = (
				9602E0B61B260C7A0037C177 /* Greenfield.app */,
				9602E0CB1B260C7A0037C177 /* GreenfieldTests.xctest */,
			);
			name = Products;
			sourceTree = "<group>";
		};
		9602E0B81B260C7A0037C177 /* Greenfield */ = {
			isa = PBXGroup;
			children = (
				9602E0BB1B260C7A0037C177 /* AppDelegate.swift */,
				9602E0BD1B260C7A0037C177 /* ViewController.swift */,
				9602E0BF1B260C7A0037C177 /* Main.storyboard */,
				9602E0C21B260C7A0037C177 /* Images.xcassets */,
				9602E0C41B260C7A0037C177 /* LaunchScreen.xib */,
				9602E0B91B260C7A0037C177 /* Supporting Files */,
			);
			path = Greenfield;
			sourceTree = "<group>";
		};
		9602E0B91B260C7A0037C177 /* Supporting Files */ = {
			isa = PBXGroup;
			children = (
				9602E0BA1B260C7A0037C177 /* Info.plist */,
			);
			name = "Supporting Files";
			sourceTree = "<group>";
		};
		9602E0CE1B260C7A0037C177 /* GreenfieldTests */ = {
			isa = PBXGroup;
			children = (
				9602E0D11B260C7A0037C177 /* GreenfieldTests.swift */,
				9602E0CF1B260C7A0037C177 /* Supporting Files */,
			);
			path = GreenfieldTests;
			sourceTree = "<group>";
		};
		9602E0CF1B260C7A0037C177 /* Supporting Files */ = {
			isa = PBXGroup;
			children = (
				9602E0D01B260C7A0037C177 /* Info.plist */,
			);
			name = "Supporting Files";
			sourceTree = "<group>";
		};
/* End PBXGroup section */

/* Begin PBXNativeTarget section */
		9602E0B51B260C7A0037C177 /* Greenfield */ = {
			isa = PBXNativeTarget;
			buildConfigurationList = 9602E0D51B260C7A0037C177 /* Build configuration list for PBXNativeTarget "Greenfield" */;
			buildPhases = (
				9602E0B21B260C7A0037C177 /* Sources */,
				9602E0B31B260C7A0037C177 /* Frameworks */,
				9602E0B41B260C7A0037C177 /* Resources */,
			);
			buildRules = (
			);
			dependencies = (
			);
			name = Greenfield;
			productName = Greenfield;
			productReference = 9602E0B61B260C7A0037C177 /* Greenfield.app */;
			productType = "com.apple.product-type.application";
		};
		9602E0CA1B260C7A0037C177 /* GreenfieldTests */ = {
			isa = PBXNativeTarget;
			buildConfigurationList = 9602E0D81B260C7A0037C177 /* Build configuration list for PBXNativeTarget "GreenfieldTests" */;
			buildPhases = (
				9602E0C71B260C7A0037C177 /* Sources */,
				9602E0C81B260C7A0037C177 /* Frameworks */,
				9602E0C91B260C7A0037C177 /* Resources */,
			);
			buildRules = (
			);
			dependencies = (
				9602E0CD1B260C7A0037C177 /* PBXTargetDependency */,
			);
			name = GreenfieldTests;
			productName = GreenfieldTests;
			productReference = 9602E0CB1B260C7A0037C177 /* GreenfieldTests.xctest */;
			productType = "com.apple.product-type.bundle.unit-test";
		};
/* End PBXNativeTarget section */

/* Begin PBXProject section */
		9602E0AE1B260C7A0037C177 /* Project object */ = {
			isa = PBXProject;
			attributes = {
				LastUpgradeCheck = 0630;
				ORGANIZATIONNAME = "Ben Guo";
				TargetAttributes = {
					9602E0B51B260C7A0037C177 = {
						CreatedOnToolsVersion = 6.3.2;
					};
					9602E0CA1B260C7A0037C177 = {
						CreatedOnToolsVersion = 6.3.2;
						TestTargetID = 9602E0B51B260C7A0037C177;
					};
				};
			};
			buildConfigurationList = 9602E0B11B260C7A0037C177 /* Build configuration list for PBXProject "Greenfield" */;
			compatibilityVersion = "Xcode 3.2";
			developmentRegion = English;
			hasScannedForEncodings = 0;
			knownRegions = (
				en,
				Base,
			);
			mainGroup = 9602E0AD1B260C7A0037C177;
			productRefGroup = 9602E0B71B260C7A0037C177 /* Products */;
			projectDirPath = "";
			projectRoot = "";
			targets = (
				9602E0B51B260C7A0037C177 /* Greenfield */,
				9602E0CA1B260C7A0037C177 /* GreenfieldTests */,
			);
		};
/* End PBXProject section */

/* Begin PBXResourcesBuildPhase section */
		9602E0B41B260C7A0037C177 /* Resources */ = {
			isa = PBXResourcesBuildPhase;
			buildActionMask = 2147483647;
			files = (
				9602E0C11B260C7A0037C177 /* Main.storyboard in Resources */,
				9602E0C61B260C7A0037C177 /* LaunchScreen.xib in Resources */,
				9602E0C31B260C7A0037C177 /* Images.xcassets in Resources */,
			);
			runOnlyForDeploymentPostprocessing = 0;
		};
		9602E0C91B260C7A0037C177 /* Resources */ = {
			isa = PBXResourcesBuildPhase;
			buildActionMask = 2147483647;
			files = (
			);
			runOnlyForDeploymentPostprocessing = 0;
		};
/* End PBXResourcesBuildPhase section */

/* Begin PBXSourcesBuildPhase section */
		9602E0B21B260C7A0037C177 /* Sources */ = {
			isa = PBXSourcesBuildPhase;
			buildActionMask = 2147483647;
			files = (
				9602E0BE1B260C7A0037C177 /* ViewController.swift in Sources */,
				9602E0BC1B260C7A0037C177 /* AppDelegate.swift in Sources */,
			);
			runOnlyForDeploymentPostprocessing = 0;
		};
		9602E0C71B260C7A0037C177 /* Sources */ = {
			isa = PBXSourcesBuildPhase;
			buildActionMask = 2147483647;
			files = (
				9602E0D21B260C7A0037C177 /* GreenfieldTests.swift in Sources */,
			);
			runOnlyForDeploymentPostprocessing = 0;
		};
/* End PBXSourcesBuildPhase section */

/* Begin PBXTargetDependency section */
		9602E0CD1B260C7A0037C177 /* PBXTargetDependency */ = {
			isa = PBXTargetDependency;
			target = 9602E0B51B260C7A0037C177 /* Greenfield */;
			targetProxy = 9602E0CC1B260C7A0037C177 /* PBXContainerItemProxy */;
		};
/* End PBXTargetDependency section */

/* Begin PBXVariantGroup section */
		9602E0BF1B260C7A0037C177 /* Main.storyboard */ = {
			isa = PBXVariantGroup;
			children = (
				9602E0C01B260C7A0037C177 /* Base */,
			);
			name = Main.storyboard;
			sourceTree = "<group>";
		};
		9602E0C41B260C7A0037C177 /* LaunchScreen.xib */ = {
			isa = PBXVariantGroup;
			children = (
				9602E0C51B260C7A0037C177 /* Base */,
			);
			name = LaunchScreen.xib;
			sourceTree = "<group>";
		};
/* End PBXVariantGroup section */

/* Begin XCBuildConfiguration section */
		9602E0D31B260C7A0037C177 /* Debug */ = {
			isa = XCBuildConfiguration;
			buildSettings = {
				ALWAYS_SEARCH_USER_PATHS = NO;
				CLANG_CXX_LANGUAGE_STANDARD = "gnu++0x";
				CLANG_CXX_LIBRARY = "libc++";
				CLANG_ENABLE_MODULES = YES;
				CLANG_ENABLE_OBJC_ARC = YES;
				CLANG_WARN_BOOL_CONVERSION = YES;
				CLANG_WARN_CONSTANT_CONVERSION = YES;
				CLANG_WARN_DIRECT_OBJC_ISA_USAGE = YES_ERROR;
				CLANG_WARN_EMPTY_BODY = YES;
				CLANG_WARN_ENUM_CONVERSION = YES;
				CLANG_WARN_INT_CONVERSION = YES;
				CLANG_WARN_OBJC_ROOT_CLASS = YES_ERROR;
				CLANG_WARN_UNREACHABLE_CODE = YES;
				CLANG_WARN__DUPLICATE_METHOD_MATCH = YES;
				"CODE_SIGN_IDENTITY[sdk=iphoneos*]" = "iPhone Developer";
				COPY_PHASE_STRIP = NO;
				DEBUG_INFORMATION_FORMAT = "dwarf-with-dsym";
				ENABLE_STRICT_OBJC_MSGSEND = YES;
				GCC_C_LANGUAGE_STANDARD = gnu99;
				GCC_DYNAMIC_NO_PIC = NO;
				GCC_NO_COMMON_BLOCKS = YES;
				GCC_OPTIMIZATION_LEVEL = 0;
				GCC_PREPROCESSOR_DEFINITIONS = (
					"DEBUG=1",
					"$(inherited)",
				);
				GCC_SYMBOLS_PRIVATE_EXTERN = NO;
				GCC_WARN_64_TO_32_BIT_CONVERSION = YES;
				GCC_WARN_ABOUT_RETURN_TYPE = YES_ERROR;
				GCC_WARN_UNDECLARED_SELECTOR = YES;
				GCC_WARN_UNINITIALIZED_AUTOS = YES_AGGRESSIVE;
				GCC_WARN_UNUSED_FUNCTION = YES;
				GCC_WARN_UNUSED_VARIABLE = YES;
				IPHONEOS_DEPLOYMENT_TARGET = 8.3;
				MTL_ENABLE_DEBUG_INFO = YES;
				ONLY_ACTIVE_ARCH = YES;
				SDKROOT = iphoneos;
				SWIFT_OPTIMIZATION_LEVEL = "-Onone";
				TARGETED_DEVICE_FAMILY = "1,2";
			};
			name = Debug;
		};
		9602E0D41B260C7A0037C177 /* Release */ = {
			isa = XCBuildConfiguration;
			buildSettings = {
				ALWAYS_SEARCH_USER_PATHS = NO;
				CLANG_CXX_LANGUAGE_STANDARD = "gnu++0x";
				CLANG_CXX_LIBRARY = "libc++";
				CLANG_ENABLE_MODULES = YES;
				CLANG_ENABLE_OBJC_ARC = YES;
				CLANG_WARN_BOOL_CONVERSION = YES;
				CLANG_WARN_CONSTANT_CONVERSION = YES;
				CLANG_WARN_DIRECT_OBJC_ISA_USAGE = YES_ERROR;
				CLANG_WARN_EMPTY_BODY = YES;
				CLANG_WARN_ENUM_CONVERSION = YES;
				CLANG_WARN_INT_CONVERSION = YES;
				CLANG_WARN_OBJC_ROOT_CLASS = YES_ERROR;
				CLANG_WARN_UNREACHABLE_CODE = YES;
				CLANG_WARN__DUPLICATE_METHOD_MATCH = YES;
				"CODE_SIGN_IDENTITY[sdk=iphoneos*]" = "iPhone Developer";
				COPY_PHASE_STRIP = NO;
				DEBUG_INFORMATION_FORMAT = "dwarf-with-dsym";
				ENABLE_NS_ASSERTIONS = NO;
				ENABLE_STRICT_OBJC_MSGSEND = YES;
				GCC_C_LANGUAGE_STANDARD = gnu99;
				GCC_NO_COMMON_BLOCKS = YES;
				GCC_WARN_64_TO_32_BIT_CONVERSION = YES;
				GCC_WARN_ABOUT_RETURN_TYPE = YES_ERROR;
				GCC_WARN_UNDECLARED_SELECTOR = YES;
				GCC_WARN_UNINITIALIZED_AUTOS = YES_AGGRESSIVE;
				GCC_WARN_UNUSED_FUNCTION = YES;
				GCC_WARN_UNUSED_VARIABLE = YES;
				IPHONEOS_DEPLOYMENT_TARGET = 8.3;
				MTL_ENABLE_DEBUG_INFO = NO;
				SDKROOT = iphoneos;
				TARGETED_DEVICE_FAMILY = "1,2";
				VALIDATE_PRODUCT = YES;
			};
			name = Release;
		};
		9602E0D61B260C7A0037C177 /* Debug */ = {
			isa = XCBuildConfiguration;
			buildSettings = {
				ASSETCATALOG_COMPILER_APPICON_NAME = AppIcon;
				INFOPLIST_FILE = Greenfield/Info.plist;
				LD_RUNPATH_SEARCH_PATHS = "$(inherited) @executable_path/Frameworks";
				PRODUCT_NAME = "$(TARGET_NAME)";
			};
			name = Debug;
		};
		9602E0D71B260C7A0037C177 /* Release */ = {
			isa = XCBuildConfiguration;
			buildSettings = {
				ASSETCATALOG_COMPILER_APPICON_NAME = AppIcon;
				INFOPLIST_FILE = Greenfield/Info.plist;
				LD_RUNPATH_SEARCH_PATHS = "$(inherited) @executable_path/Frameworks";
				PRODUCT_NAME = "$(TARGET_NAME)";
			};
			name = Release;
		};
		9602E0D91B260C7A0037C177 /* Debug */ = {
			isa = XCBuildConfiguration;
			buildSettings = {
				BUNDLE_LOADER = "$(TEST_HOST)";
				FRAMEWORK_SEARCH_PATHS = (
					"$(SDKROOT)/Developer/Library/Frameworks",
					"$(inherited)",
				);
				GCC_PREPROCESSOR_DEFINITIONS = (
					"DEBUG=1",
					"$(inherited)",
				);
				INFOPLIST_FILE = GreenfieldTests/Info.plist;
				LD_RUNPATH_SEARCH_PATHS = "$(inherited) @executable_path/Frameworks @loader_path/Frameworks";
				PRODUCT_NAME = "$(TARGET_NAME)";
				TEST_HOST = "$(BUILT_PRODUCTS_DIR)/Greenfield.app/Greenfield";
			};
			name = Debug;
		};
		9602E0DA1B260C7A0037C177 /* Release */ = {
			isa = XCBuildConfiguration;
			buildSettings = {
				BUNDLE_LOADER = "$(TEST_HOST)";
				FRAMEWORK_SEARCH_PATHS = (
					"$(SDKROOT)/Developer/Library/Frameworks",
					"$(inherited)",
				);
				INFOPLIST_FILE = GreenfieldTests/Info.plist;
				LD_RUNPATH_SEARCH_PATHS = "$(inherited) @executable_path/Frameworks @loader_path/Frameworks";
				PRODUCT_NAME = "$(TARGET_NAME)";
				TEST_HOST = "$(BUILT_PRODUCTS_DIR)/Greenfield.app/Greenfield";
			};
			name = Release;
		};
/* End XCBuildConfiguration section */

/* Begin XCConfigurationList section */
		9602E0B11B260C7A0037C177 /* Build configuration list for PBXProject "Greenfield" */ = {
			isa = XCConfigurationList;
			buildConfigurations = (
				9602E0D31B260C7A0037C177 /* Debug */,
				9602E0D41B260C7A0037C177 /* Release */,
			);
			defaultConfigurationIsVisible = 0;
			defaultConfigurationName = Release;
		};
		9602E0D51B260C7A0037C177 /* Build configuration list for PBXNativeTarget "Greenfield" */ = {
			isa = XCConfigurationList;
			buildConfigurations = (
				9602E0D61B260C7A0037C177 /* Debug */,
				9602E0D71B260C7A0037C177 /* Release */,
			);
			defaultConfigurationIsVisible = 0;
		};
		9602E0D81B260C7A0037C177 /* Build configuration list for PBXNativeTarget "GreenfieldTests" */ = {
			isa = XCConfigurationList;
			buildConfigurations = (
				9602E0D91B260C7A0037C177 /* Debug */,
				9602E0DA1B260C7A0037C177 /* Release */,
			);
			defaultConfigurationIsVisible = 0;
		};
/* End XCConfigurationList section */
	};
	rootObject = 9602E0AE1B260C7A0037C177 /* Project object */;
}
